
Microsoft Visual Studio Solution File, Format Version 12.00
# Visual Studio Version 17
VisualStudioVersion = 17.7.34221.43
MinimumVisualStudioVersion = 10.0.40219.1
Project("{9A19103F-16F7-4668-BE54-9A1E7A4F7556}") = "Aulas", "Aulas.csproj", "{4FFBF2FC-2162-4D4B-A84C-B4505F539959}"
EndProject
Project("{FAE04EC0-301F-11D3-BF4B-00C04F79EFBC}") = "Exercicios", "..\Exercicios\Exercicios.csproj", "{74DFC107-2B17-4D19-BDFF-6C6727A61B12}"
EndProject
Global
	GlobalSection(SolutionConfigurationPlatforms) = preSolution
		Debug|Any CPU = Debug|Any CPU
		Release|Any CPU = Release|Any CPU
	EndGlobalSection
	GlobalSection(ProjectConfigurationPlatforms) = postSolution
		{4FFBF2FC-2162-4D4B-A84C-B4505F539959}.Debug|Any CPU.ActiveCfg = Debug|Any CPU
		{4FFBF2FC-2162-4D4B-A84C-B4505F539959}.Debug|Any CPU.Build.0 = Debug|Any CPU
		{4FFBF2FC-2162-4D4B-A84C-B4505F539959}.Release|Any CPU.ActiveCfg = Release|Any CPU
		{4FFBF2FC-2162-4D4B-A84C-B4505F539959}.Release|Any CPU.Build.0 = Release|Any CPU
		{74DFC107-2B17-4D19-BDFF-6C6727A61B12}.Debug|Any CPU.ActiveCfg = Debug|Any CPU
		{74DFC107-2B17-4D19-BDFF-6C6727A61B12}.Debug|Any CPU.Build.0 = Debug|Any CPU
		{74DFC107-2B17-4D19-BDFF-6C6727A61B12}.Release|Any CPU.ActiveCfg = Release|Any CPU
		{74DFC107-2B17-4D19-BDFF-6C6727A61B12}.Release|Any CPU.Build.0 = Release|Any CPU
	EndGlobalSection
	GlobalSection(SolutionProperties) = preSolution
		HideSolutionNode = FALSE
	EndGlobalSection
	GlobalSection(ExtensibilityGlobals) = postSolution
		SolutionGuid = {799776F9-811C-425C-B888-4D54B01E351D}
	EndGlobalSection
EndGlobal
